// !$*UTF8*$!
{
	archiveVersion = 1;
	classes = {
	};
	objectVersion = 50;
	objects = {

/* Begin PBXBuildFile section */
		57C4F9792265C2D300D5876A /* AppDelegate.swift in Sources */ = {isa = PBXBuildFile; fileRef = 57C4F9782265C2D300D5876A /* AppDelegate.swift */; };
		57C4F97B2265C2D300D5876A /* ViewController.swift in Sources */ = {isa = PBXBuildFile; fileRef = 57C4F97A2265C2D300D5876A /* ViewController.swift */; };
		57C4F97E2265C2D300D5876A /* Main.storyboard in Resources */ = {isa = PBXBuildFile; fileRef = 57C4F97C2265C2D300D5876A /* Main.storyboard */; };
		57C4F9802265C2D500D5876A /* Assets.xcassets in Resources */ = {isa = PBXBuildFile; fileRef = 57C4F97F2265C2D500D5876A /* Assets.xcassets */; };
		57C4F9832265C2D500D5876A /* LaunchScreen.storyboard in Resources */ = {isa = PBXBuildFile; fileRef = 57C4F9812265C2D500D5876A /* LaunchScreen.storyboard */; };
		57C4F98E2265C2D500D5876A /* hw2Tests.swift in Sources */ = {isa = PBXBuildFile; fileRef = 57C4F98D2265C2D500D5876A /* hw2Tests.swift */; };
		57C4F9992265C2D500D5876A /* hw2UITests.swift in Sources */ = {isa = PBXBuildFile; fileRef = 57C4F9982265C2D500D5876A /* hw2UITests.swift */; };
/* End PBXBuildFile section */

/* Begin PBXContainerItemProxy section */
		57C4F98A2265C2D500D5876A /* PBXContainerItemProxy */ = {
			isa = PBXContainerItemProxy;
			containerPortal = 57C4F96D2265C2D300D5876A /* Project object */;
			proxyType = 1;
			remoteGlobalIDString = 57C4F9742265C2D300D5876A;
			remoteInfo = hw2;
		};
		57C4F9952265C2D500D5876A /* PBXContainerItemProxy */ = {
			isa = PBXContainerItemProxy;
			containerPortal = 57C4F96D2265C2D300D5876A /* Project object */;
			proxyType = 1;
			remoteGlobalIDString = 57C4F9742265C2D300D5876A;
			remoteInfo = hw2;
		};
/* End PBXContainerItemProxy section */

/* Begin PBXFileReference section */
		57C4F9752265C2D300D5876A /* hw2.app */ = {isa = PBXFileReference; explicitFileType = wrapper.application; includeInIndex = 0; path = hw2.app; sourceTree = BUILT_PRODUCTS_DIR; };
		57C4F9782265C2D300D5876A /* AppDelegate.swift */ = {isa = PBXFileReference; lastKnownFileType = sourcecode.swift; path = AppDelegate.swift; sourceTree = "<group>"; };
		57C4F97A2265C2D300D5876A /* ViewController.swift */ = {isa = PBXFileReference; lastKnownFileType = sourcecode.swift; path = ViewController.swift; sourceTree = "<group>"; };
		57C4F97D2265C2D300D5876A /* Base */ = {isa = PBXFileReference; lastKnownFileType = file.storyboard; name = Base; path = Base.lproj/Main.storyboard; sourceTree = "<group>"; };
		57C4F97F2265C2D500D5876A /* Assets.xcassets */ = {isa = PBXFileReference; lastKnownFileType = folder.assetcatalog; path = Assets.xcassets; sourceTree = "<group>"; };
		57C4F9822265C2D500D5876A /* Base */ = {isa = PBXFileReference; lastKnownFileType = file.storyboard; name = Base; path = Base.lproj/LaunchScreen.storyboard; sourceTree = "<group>"; };
		57C4F9842265C2D500D5876A /* Info.plist */ = {isa = PBXFileReference; lastKnownFileType = text.plist.xml; path = Info.plist; sourceTree = "<group>"; };
		57C4F9892265C2D500D5876A /* hw2Tests.xctest */ = {isa = PBXFileReference; explicitFileType = wrapper.cfbundle; includeInIndex = 0; path = hw2Tests.xctest; sourceTree = BUILT_PRODUCTS_DIR; };
		57C4F98D2265C2D500D5876A /* hw2Tests.swift */ = {isa = PBXFileReference; lastKnownFileType = sourcecode.swift; path = hw2Tests.swift; sourceTree = "<group>"; };
		57C4F98F2265C2D500D5876A /* Info.plist */ = {isa = PBXFileReference; lastKnownFileType = text.plist.xml; path = Info.plist; sourceTree = "<group>"; };
		57C4F9942265C2D500D5876A /* hw2UITests.xctest */ = {isa = PBXFileReference; explicitFileType = wrapper.cfbundle; includeInIndex = 0; path = hw2UITests.xctest; sourceTree = BUILT_PRODUCTS_DIR; };
		57C4F9982265C2D500D5876A /* hw2UITests.swift */ = {isa = PBXFileReference; lastKnownFileType = sourcecode.swift; path = hw2UITests.swift; sourceTree = "<group>"; };
		57C4F99A2265C2D500D5876A /* Info.plist */ = {isa = PBXFileReference; lastKnownFileType = text.plist.xml; path = Info.plist; sourceTree = "<group>"; };
/* End PBXFileReference section */

/* Begin PBXFrameworksBuildPhase section */
		57C4F9722265C2D300D5876A /* Frameworks */ = {
			isa = PBXFrameworksBuildPhase;
			buildActionMask = 2147483647;
			files = (
			);
			runOnlyForDeploymentPostprocessing = 0;
		};
		57C4F9862265C2D500D5876A /* Frameworks */ = {
			isa = PBXFrameworksBuildPhase;
			buildActionMask = 2147483647;
			files = (
			);
			runOnlyForDeploymentPostprocessing = 0;
		};
		57C4F9912265C2D500D5876A /* Frameworks */ = {
			isa = PBXFrameworksBuildPhase;
			buildActionMask = 2147483647;
			files = (
			);
			runOnlyForDeploymentPostprocessing = 0;
		};
/* End PBXFrameworksBuildPhase section */

/* Begin PBXGroup section */
		57C4F96C2265C2D300D5876A = {
			isa = PBXGroup;
			children = (
				57C4F9772265C2D300D5876A /* hw2 */,
				57C4F98C2265C2D500D5876A /* hw2Tests */,
				57C4F9972265C2D500D5876A /* hw2UITests */,
				57C4F9762265C2D300D5876A /* Products */,
			);
			sourceTree = "<group>";
		};
		57C4F9762265C2D300D5876A /* Products */ = {
			isa = PBXGroup;
			children = (
				57C4F9752265C2D300D5876A /* hw2.app */,
				57C4F9892265C2D500D5876A /* hw2Tests.xctest */,
				57C4F9942265C2D500D5876A /* hw2UITests.xctest */,
			);
			name = Products;
			sourceTree = "<group>";
		};
		57C4F9772265C2D300D5876A /* hw2 */ = {
			isa = PBXGroup;
			children = (
				57C4F9782265C2D300D5876A /* AppDelegate.swift */,
				57C4F97A2265C2D300D5876A /* ViewController.swift */,
				57C4F97C2265C2D300D5876A /* Main.storyboard */,
				57C4F97F2265C2D500D5876A /* Assets.xcassets */,
				57C4F9812265C2D500D5876A /* LaunchScreen.storyboard */,
				57C4F9842265C2D500D5876A /* Info.plist */,
			);
			path = hw2;
			sourceTree = "<group>";
		};
		57C4F98C2265C2D500D5876A /* hw2Tests */ = {
			isa = PBXGroup;
			children = (
				57C4F98D2265C2D500D5876A /* hw2Tests.swift */,
				57C4F98F2265C2D500D5876A /* Info.plist */,
			);
			path = hw2Tests;
			sourceTree = "<group>";
		};
		57C4F9972265C2D500D5876A /* hw2UITests */ = {
			isa = PBXGroup;
			children = (
				57C4F9982265C2D500D5876A /* hw2UITests.swift */,
				57C4F99A2265C2D500D5876A /* Info.plist */,
			);
			path = hw2UITests;
			sourceTree = "<group>";
		};
/* End PBXGroup section */

/* Begin PBXNativeTarget section */
		57C4F9742265C2D300D5876A /* hw2 */ = {
			isa = PBXNativeTarget;
			buildConfigurationList = 57C4F99D2265C2D500D5876A /* Build configuration list for PBXNativeTarget "hw2" */;
			buildPhases = (
				57C4F9712265C2D300D5876A /* Sources */,
				57C4F9722265C2D300D5876A /* Frameworks */,
				57C4F9732265C2D300D5876A /* Resources */,
			);
			buildRules = (
			);
			dependencies = (
			);
			name = hw2;
			productName = hw2;
			productReference = 57C4F9752265C2D300D5876A /* hw2.app */;
			productType = "com.apple.product-type.application";
		};
		57C4F9882265C2D500D5876A /* hw2Tests */ = {
			isa = PBXNativeTarget;
			buildConfigurationList = 57C4F9A02265C2D500D5876A /* Build configuration list for PBXNativeTarget "hw2Tests" */;
			buildPhases = (
				57C4F9852265C2D500D5876A /* Sources */,
				57C4F9862265C2D500D5876A /* Frameworks */,
				57C4F9872265C2D500D5876A /* Resources */,
			);
			buildRules = (
			);
			dependencies = (
				57C4F98B2265C2D500D5876A /* PBXTargetDependency */,
			);
			name = hw2Tests;
			productName = hw2Tests;
			productReference = 57C4F9892265C2D500D5876A /* hw2Tests.xctest */;
			productType = "com.apple.product-type.bundle.unit-test";
		};
		57C4F9932265C2D500D5876A /* hw2UITests */ = {
			isa = PBXNativeTarget;
			buildConfigurationList = 57C4F9A32265C2D500D5876A /* Build configuration list for PBXNativeTarget "hw2UITests" */;
			buildPhases = (
				57C4F9902265C2D500D5876A /* Sources */,
				57C4F9912265C2D500D5876A /* Frameworks */,
				57C4F9922265C2D500D5876A /* Resources */,
			);
			buildRules = (
			);
			dependencies = (
				57C4F9962265C2D500D5876A /* PBXTargetDependency */,
			);
			name = hw2UITests;
			productName = hw2UITests;
			productReference = 57C4F9942265C2D500D5876A /* hw2UITests.xctest */;
			productType = "com.apple.product-type.bundle.ui-testing";
		};
/* End PBXNativeTarget section */

/* Begin PBXProject section */
		57C4F96D2265C2D300D5876A /* Project object */ = {
			isa = PBXProject;
			attributes = {
				LastSwiftUpdateCheck = 1010;
				LastUpgradeCheck = 1010;
				ORGANIZATIONNAME = User02;
				TargetAttributes = {
					57C4F9742265C2D300D5876A = {
						CreatedOnToolsVersion = 10.1;
					};
					57C4F9882265C2D500D5876A = {
						CreatedOnToolsVersion = 10.1;
						TestTargetID = 57C4F9742265C2D300D5876A;
					};
					57C4F9932265C2D500D5876A = {
						CreatedOnToolsVersion = 10.1;
						TestTargetID = 57C4F9742265C2D300D5876A;
					};
				};
			};
			buildConfigurationList = 57C4F9702265C2D300D5876A /* Build configuration list for PBXProject "hw2" */;
			compatibilityVersion = "Xcode 9.3";
			developmentRegion = en;
			hasScannedForEncodings = 0;
			knownRegions = (
				en,
				Base,
			);
			mainGroup = 57C4F96C2265C2D300D5876A;
			productRefGroup = 57C4F9762265C2D300D5876A /* Products */;
			projectDirPath = "";
			projectRoot = "";
			targets = (
				57C4F9742265C2D300D5876A /* hw2 */,
				57C4F9882265C2D500D5876A /* hw2Tests */,
				57C4F9932265C2D500D5876A /* hw2UITests */,
			);
		};
/* End PBXProject section */

/* Begin PBXResourcesBuildPhase section */
		57C4F9732265C2D300D5876A /* Resources */ = {
			isa = PBXResourcesBuildPhase;
			buildActionMask = 2147483647;
			files = (
				57C4F9832265C2D500D5876A /* LaunchScreen.storyboard in Resources */,
				57C4F9802265C2D500D5876A /* Assets.xcassets in Resources */,
				57C4F97E2265C2D300D5876A /* Main.storyboard in Resources */,
			);
			runOnlyForDeploymentPostprocessing = 0;
		};
		57C4F9872265C2D500D5876A /* Resources */ = {
			isa = PBXResourcesBuildPhase;
			buildActionMask = 2147483647;
			files = (
			);
			runOnlyForDeploymentPostprocessing = 0;
		};
		57C4F9922265C2D500D5876A /* Resources */ = {
			isa = PBXResourcesBuildPhase;
			buildActionMask = 2147483647;
			files = (
			);
			runOnlyForDeploymentPostprocessing = 0;
		};
/* End PBXResourcesBuildPhase section */

/* Begin PBXSourcesBuildPhase section */
		57C4F9712265C2D300D5876A /* Sources */ = {
			isa = PBXSourcesBuildPhase;
			buildActionMask = 2147483647;
			files = (
				57C4F97B2265C2D300D5876A /* ViewController.swift in Sources */,
				57C4F9792265C2D300D5876A /* AppDelegate.swift in Sources */,
			);
			runOnlyForDeploymentPostprocessing = 0;
		};
		57C4F9852265C2D500D5876A /* Sources */ = {
			isa = PBXSourcesBuildPhase;
			buildActionMask = 2147483647;
			files = (
				57C4F98E2265C2D500D5876A /* hw2Tests.swift in Sources */,
			);
			runOnlyForDeploymentPostprocessing = 0;
		};
		57C4F9902265C2D500D5876A /* Sources */ = {
			isa = PBXSourcesBuildPhase;
			buildActionMask = 2147483647;
			files = (
				57C4F9992265C2D500D5876A /* hw2UITests.swift in Sources */,
			);
			runOnlyForDeploymentPostprocessing = 0;
		};
/* End PBXSourcesBuildPhase section */

/* Begin PBXTargetDependency section */
		57C4F98B2265C2D500D5876A /* PBXTargetDependency */ = {
			isa = PBXTargetDependency;
			target = 57C4F9742265C2D300D5876A /* hw2 */;
			targetProxy = 57C4F98A2265C2D500D5876A /* PBXContainerItemProxy */;
		};
		57C4F9962265C2D500D5876A /* PBXTargetDependency */ = {
			isa = PBXTargetDependency;
			target = 57C4F9742265C2D300D5876A /* hw2 */;
			targetProxy = 57C4F9952265C2D500D5876A /* PBXContainerItemProxy */;
		};
/* End PBXTargetDependency section */

/* Begin PBXVariantGroup section */
		57C4F97C2265C2D300D5876A /* Main.storyboard */ = {
			isa = PBXVariantGroup;
			children = (
				57C4F97D2265C2D300D5876A /* Base */,
			);
			name = Main.storyboard;
			sourceTree = "<group>";
		};
		57C4F9812265C2D500D5876A /* LaunchScreen.storyboard */ = {
			isa = PBXVariantGroup;
			children = (
				57C4F9822265C2D500D5876A /* Base */,
			);
			name = LaunchScreen.storyboard;
			sourceTree = "<group>";
		};
/* End PBXVariantGroup section */

/* Begin XCBuildConfiguration section */
		57C4F99B2265C2D500D5876A /* Debug */ = {
			isa = XCBuildConfiguration;
			buildSettings = {
				ALWAYS_SEARCH_USER_PATHS = NO;
				CLANG_ANALYZER_NONNULL = YES;
				CLANG_ANALYZER_NUMBER_OBJECT_CONVERSION = YES_AGGRESSIVE;
				CLANG_CXX_LANGUAGE_STANDARD = "gnu++14";
				CLANG_CXX_LIBRARY = "libc++";
				CLANG_ENABLE_MODULES = YES;
				CLANG_ENABLE_OBJC_ARC = YES;
				CLANG_ENABLE_OBJC_WEAK = YES;
				CLANG_WARN_BLOCK_CAPTURE_AUTORELEASING = YES;
				CLANG_WARN_BOOL_CONVERSION = YES;
				CLANG_WARN_COMMA = YES;
				CLANG_WARN_CONSTANT_CONVERSION = YES;
				CLANG_WARN_DEPRECATED_OBJC_IMPLEMENTATIONS = YES;
				CLANG_WARN_DIRECT_OBJC_ISA_USAGE = YES_ERROR;
				CLANG_WARN_DOCUMENTATION_COMMENTS = YES;
				CLANG_WARN_EMPTY_BODY = YES;
				CLANG_WARN_ENUM_CONVERSION = YES;
				CLANG_WARN_INFINITE_RECURSION = YES;
				CLANG_WARN_INT_CONVERSION = YES;
				CLANG_WARN_NON_LITERAL_NULL_CONVERSION = YES;
				CLANG_WARN_OBJC_IMPLICIT_RETAIN_SELF = YES;
				CLANG_WARN_OBJC_LITERAL_CONVERSION = YES;
				CLANG_WARN_OBJC_ROOT_CLASS = YES_ERROR;
				CLANG_WARN_RANGE_LOOP_ANALYSIS = YES;
				CLANG_WARN_STRICT_PROTOTYPES = YES;
				CLANG_WARN_SUSPICIOUS_MOVE = YES;
				CLANG_WARN_UNGUARDED_AVAILABILITY = YES_AGGRESSIVE;
				CLANG_WARN_UNREACHABLE_CODE = YES;
				CLANG_WARN__DUPLICATE_METHOD_MATCH = YES;
				CODE_SIGN_IDENTITY = "iPhone Developer";
				COPY_PHASE_STRIP = NO;
				DEBUG_INFORMATION_FORMAT = dwarf;
				ENABLE_STRICT_OBJC_MSGSEND = YES;
				ENABLE_TESTABILITY = YES;
				GCC_C_LANGUAGE_STANDARD = gnu11;
				GCC_DYNAMIC_NO_PIC = NO;
				GCC_NO_COMMON_BLOCKS = YES;
				GCC_OPTIMIZATION_LEVEL = 0;
				GCC_PREPROCESSOR_DEFINITIONS = (
					"DEBUG=1",
					"$(inherited)",
				);
				GCC_WARN_64_TO_32_BIT_CONVERSION = YES;
				GCC_WARN_ABOUT_RETURN_TYPE = YES_ERROR;
				GCC_WARN_UNDECLARED_SELECTOR = YES;
				GCC_WARN_UNINITIALIZED_AUTOS = YES_AGGRESSIVE;
				GCC_WARN_UNUSED_FUNCTION = YES;
				GCC_WARN_UNUSED_VARIABLE = YES;
				IPHONEOS_DEPLOYMENT_TARGET = 12.1;
				MTL_ENABLE_DEBUG_INFO = INCLUDE_SOURCE;
				MTL_FAST_MATH = YES;
				ONLY_ACTIVE_ARCH = YES;
				SDKROOT = iphoneos;
				SWIFT_ACTIVE_COMPILATION_CONDITIONS = DEBUG;
				SWIFT_OPTIMIZATION_LEVEL = "-Onone";
			};
			name = Debug;
		};
		57C4F99C2265C2D500D5876A /* Release */ = {
			isa = XCBuildConfiguration;
			buildSettings = {
				ALWAYS_SEARCH_USER_PATHS = NO;
				CLANG_ANALYZER_NONNULL = YES;
				CLANG_ANALYZER_NUMBER_OBJECT_CONVERSION = YES_AGGRESSIVE;
				CLANG_CXX_LANGUAGE_STANDARD = "gnu++14";
				CLANG_CXX_LIBRARY = "libc++";
				CLANG_ENABLE_MODULES = YES;
				CLANG_ENABLE_OBJC_ARC = YES;
				CLANG_ENABLE_OBJC_WEAK = YES;
				CLANG_WARN_BLOCK_CAPTURE_AUTORELEASING = YES;
				CLANG_WARN_BOOL_CONVERSION = YES;
				CLANG_WARN_COMMA = YES;
				CLANG_WARN_CONSTANT_CONVERSION = YES;
				CLANG_WARN_DEPRECATED_OBJC_IMPLEMENTATIONS = YES;
				CLANG_WARN_DIRECT_OBJC_ISA_USAGE = YES_ERROR;
				CLANG_WARN_DOCUMENTATION_COMMENTS = YES;
				CLANG_WARN_EMPTY_BODY = YES;
				CLANG_WARN_ENUM_CONVERSION = YES;
				CLANG_WARN_INFINITE_RECURSION = YES;
				CLANG_WARN_INT_CONVERSION = YES;
				CLANG_WARN_NON_LITERAL_NULL_CONVERSION = YES;
				CLANG_WARN_OBJC_IMPLICIT_RETAIN_SELF = YES;
				CLANG_WARN_OBJC_LITERAL_CONVERSION = YES;
				CLANG_WARN_OBJC_ROOT_CLASS = YES_ERROR;
				CLANG_WARN_RANGE_LOOP_ANALYSIS = YES;
				CLANG_WARN_STRICT_PROTOTYPES = YES;
				CLANG_WARN_SUSPICIOUS_MOVE = YES;
				CLANG_WARN_UNGUARDED_AVAILABILITY = YES_AGGRESSIVE;
				CLANG_WARN_UNREACHABLE_CODE = YES;
				CLANG_WARN__DUPLICATE_METHOD_MATCH = YES;
				CODE_SIGN_IDENTITY = "iPhone Developer";
				COPY_PHASE_STRIP = NO;
				DEBUG_INFORMATION_FORMAT = "dwarf-with-dsym";
				ENABLE_NS_ASSERTIONS = NO;
				ENABLE_STRICT_OBJC_MSGSEND = YES;
				GCC_C_LANGUAGE_STANDARD = gnu11;
				GCC_NO_COMMON_BLOCKS = YES;
				GCC_WARN_64_TO_32_BIT_CONVERSION = YES;
				GCC_WARN_ABOUT_RETURN_TYPE = YES_ERROR;
				GCC_WARN_UNDECLARED_SELECTOR = YES;
				GCC_WARN_UNINITIALIZED_AUTOS = YES_AGGRESSIVE;
				GCC_WARN_UNUSED_FUNCTION = YES;
				GCC_WARN_UNUSED_VARIABLE = YES;
				IPHONEOS_DEPLOYMENT_TARGET = 12.1;
				MTL_ENABLE_DEBUG_INFO = NO;
				MTL_FAST_MATH = YES;
				SDKROOT = iphoneos;
				SWIFT_COMPILATION_MODE = wholemodule;
				SWIFT_OPTIMIZATION_LEVEL = "-O";
				VALIDATE_PRODUCT = YES;
			};
			name = Release;
		};
		57C4F99E2265C2D500D5876A /* Debug */ = {
			isa = XCBuildConfiguration;
			buildSettings = {
				ASSETCATALOG_COMPILER_APPICON_NAME = AppIcon;
				CODE_SIGN_STYLE = Automatic;
				INFOPLIST_FILE = hw2/Info.plist;
				LD_RUNPATH_SEARCH_PATHS = (
					"$(inherited)",
					"@executable_path/Frameworks",
				);
				PRODUCT_BUNDLE_IDENTIFIER = "-A.hw2";
				PRODUCT_NAME = "$(TARGET_NAME)";
				SWIFT_VERSION = 4.2;
				TARGETED_DEVICE_FAMILY = "1,2";
			};
			name = Debug;
		};
		57C4F99F2265C2D500D5876A /* Release */ = {
			isa = XCBuildConfiguration;
			buildSettings = {
				ASSETCATALOG_COMPILER_APPICON_NAME = AppIcon;
				CODE_SIGN_STYLE = Automatic;
				INFOPLIST_FILE = hw2/Info.plist;
				LD_RUNPATH_SEARCH_PATHS = (
					"$(inherited)",
					"@executable_path/Frameworks",
				);
				PRODUCT_BUNDLE_IDENTIFIER = "-A.hw2";
				PRODUCT_NAME = "$(TARGET_NAME)";
				SWIFT_VERSION = 4.2;
				TARGETED_DEVICE_FAMILY = "1,2";
			};
			name = Release;
		};
		57C4F9A12265C2D500D5876A /* Debug */ = {
			isa = XCBuildConfiguration;
			buildSettings = {
				ALWAYS_EMBED_SWIFT_STANDARD_LIBRARIES = YES;
				BUNDLE_LOADER = "$(TEST_HOST)";
				CODE_SIGN_STYLE = Automatic;
				INFOPLIST_FILE = hw2Tests/Info.plist;
				LD_RUNPATH_SEARCH_PATHS = (
					"$(inherited)",
					"@executable_path/Frameworks",
					"@loader_path/Frameworks",
				);
				PRODUCT_BUNDLE_IDENTIFIER = "-A.hw2Tests";
				PRODUCT_NAME = "$(TARGET_NAME)";
				SWIFT_VERSION = 4.2;
				TARGETED_DEVICE_FAMILY = "1,2";
				TEST_HOST = "$(BUILT_PRODUCTS_DIR)/hw2.app/hw2";
			};
			name = Debug;
		};
		57C4F9A22265C2D500D5876A /* Release */ = {
			isa = XCBuildConfiguration;
			buildSettings = {
				ALWAYS_EMBED_SWIFT_STANDARD_LIBRARIES = YES;
				BUNDLE_LOADER = "$(TEST_HOST)";
				CODE_SIGN_STYLE = Automatic;
				INFOPLIST_FILE = hw2Tests/Info.plist;
				LD_RUNPATH_SEARCH_PATHS = (
					"$(inherited)",
					"@executable_path/Frameworks",
					"@loader_path/Frameworks",
				);
				PRODUCT_BUNDLE_IDENTIFIER = "-A.hw2Tests";
				PRODUCT_NAME = "$(TARGET_NAME)";
				SWIFT_VERSION = 4.2;
				TARGETED_DEVICE_FAMILY = "1,2";
				TEST_HOST = "$(BUILT_PRODUCTS_DIR)/hw2.app/hw2";
			};
			name = Release;
		};
		57C4F9A42265C2D500D5876A /* Debug */ = {
			isa = XCBuildConfiguration;
			buildSettings = {
				ALWAYS_EMBED_SWIFT_STANDARD_LIBRARIES = YES;
				CODE_SIGN_STYLE = Automatic;
				INFOPLIST_FILE = hw2UITests/Info.plist;
				LD_RUNPATH_SEARCH_PATHS = (
					"$(inherited)",
					"@executable_path/Frameworks",
					"@loader_path/Frameworks",
				);
				PRODUCT_BUNDLE_IDENTIFIER = "-A.hw2UITests";
				PRODUCT_NAME = "$(TARGET_NAME)";
				SWIFT_VERSION = 4.2;
				TARGETED_DEVICE_FAMILY = "1,2";
				TEST_TARGET_NAME = hw2;
			};
			name = Debug;
		};
		57C4F9A52265C2D500D5876A /* Release */ = {
			isa = XCBuildConfiguration;
			buildSettings = {
				ALWAYS_EMBED_SWIFT_STANDARD_LIBRARIES = YES;
				CODE_SIGN_STYLE = Automatic;
				INFOPLIST_FILE = hw2UITests/Info.plist;
				LD_RUNPATH_SEARCH_PATHS = (
					"$(inherited)",
					"@executable_path/Frameworks",
					"@loader_path/Frameworks",
				);
				PRODUCT_BUNDLE_IDENTIFIER = "-A.hw2UITests";
				PRODUCT_NAME = "$(TARGET_NAME)";
				SWIFT_VERSION = 4.2;
				TARGETED_DEVICE_FAMILY = "1,2";
				TEST_TARGET_NAME = hw2;
			};
			name = Release;
		};
/* End XCBuildConfiguration section */

/* Begin XCConfigurationList section */
		57C4F9702265C2D300D5876A /* Build configuration list for PBXProject "hw2" */ = {
			isa = XCConfigurationList;
			buildConfigurations = (
				57C4F99B2265C2D500D5876A /* Debug */,
				57C4F99C2265C2D500D5876A /* Release */,
			);
			defaultConfigurationIsVisible = 0;
			defaultConfigurationName = Release;
		};
		57C4F99D2265C2D500D5876A /* Build configuration list for PBXNativeTarget "hw2" */ = {
			isa = XCConfigurationList;
			buildConfigurations = (
				57C4F99E2265C2D500D5876A /* Debug */,
				57C4F99F2265C2D500D5876A /* Release */,
			);
			defaultConfigurationIsVisible = 0;
			defaultConfigurationName = Release;
		};
		57C4F9A02265C2D500D5876A /* Build configuration list for PBXNativeTarget "hw2Tests" */ = {
			isa = XCConfigurationList;
			buildConfigurations = (
				57C4F9A12265C2D500D5876A /* Debug */,
				57C4F9A22265C2D500D5876A /* Release */,
			);
			defaultConfigurationIsVisible = 0;
			defaultConfigurationName = Release;
		};
		57C4F9A32265C2D500D5876A /* Build configuration list for PBXNativeTarget "hw2UITests" */ = {
			isa = XCConfigurationList;
			buildConfigurations = (
				57C4F9A42265C2D500D5876A /* Debug */,
				57C4F9A52265C2D500D5876A /* Release */,
			);
			defaultConfigurationIsVisible = 0;
			defaultConfigurationName = Release;
		};
/* End XCConfigurationList section */
	};
	rootObject = 57C4F96D2265C2D300D5876A /* Project object */;
}
